# THIS IS AN AUTOGENERATED FILE. DO NOT EDIT THIS FILE DIRECTLY.
# yarn lockfile v1


hexo-log@^3.0.0:
  version "3.0.0"
  resolved "https://registry.npmmirror.com/hexo-log/download/hexo-log-3.0.0.tgz#bbdb75eabef3bf7aee83400a3969db06d5539b61"
  integrity sha1-u9t16r7zv3rug0AKOWnbBtVTm2E=
  dependencies:
    nanocolors "^0.2.12"

nanocolors@^0.2.12:
  version "0.2.13"
  resolved "https://registry.npmmirror.com/nanocolors/download/nanocolors-0.2.13.tgz#dfd1ed0bfab05e9fe540eb6874525f0a1684099b"
  integrity sha1-39HtC/qwXp/lQOtodFJfChaECZs=
