# THIS IS AN AUTOGENERATED FILE. DO NOT EDIT THIS FILE DIRECTLY.
# yarn lockfile v1


hexo-log@^3.0.0:
  version "3.0.0"
  resolved "https://registry.npmmirror.com/hexo-log/download/hexo-log-3.0.0.tgz#bbdb75eabef3bf7aee83400a3969db06d5539b61"
  integrity sha1-u9t16r7zv3rug0AKOWnbBtVTm2E=
  dependencies:
    nanocolors "^0.2.12"

husky@^7.0.4:
  version "7.0.4"
  resolved "https://registry.yarnpkg.com/husky/-/husky-7.0.4.tgz#242048245dc49c8fb1bf0cc7cfb98dd722531535"
  integrity sha512-vbaCKN2QLtP/vD4yvs6iz6hBEo6wkSzs8HpRah1Z6aGmF2KW5PdYuAd7uX5a+OyBZHBhd+TFLqgjUgytQr4RvQ==

jira-smart-commit@^1.1.2:
  version "1.1.2"
  resolved "https://registry.yarnpkg.com/jira-smart-commit/-/jira-smart-commit-1.1.2.tgz#f913b4f5a814005f5cf91f6a4679948ae716b8e6"
  integrity sha512-brDZtvgk/WI/PYV72MbovCvTIzQnSGxaKzUZp9I58H6ENg6tTz1d7fDw6lmDMRDO6S86d5xu8v7a1FkRWzjzTw==

nanocolors@^0.2.12:
  version "0.2.13"
  resolved "https://registry.npmmirror.com/nanocolors/download/nanocolors-0.2.13.tgz#dfd1ed0bfab05e9fe540eb6874525f0a1684099b"
  integrity sha1-39HtC/qwXp/lQOtodFJfChaECZs=
